
Microsoft Visual Studio Solution File, Format Version 12.00
# Visual Studio Version 17
VisualStudioVersion = 17.14.36408.4 d17.14
MinimumVisualStudioVersion = 10.0.40219.1
Project("{FAE04EC0-301F-11D3-BF4B-00C04F79EFBC}") = "Team_Job", "Team_Job.csproj", "{2CF004DA-6427-40B9-B8A5-01CB12A72322}"
EndProject
Project("{FAE04EC0-301F-11D3-BF4B-00C04F79EFBC}") = "Team_Job.BLL", "..\Team_Job.BLL\Team_Job.BLL.csproj", "{8F237254-CE61-45B0-A682-D7D114C70B1E}"
EndProject
Project("{FAE04EC0-301F-11D3-BF4B-00C04F79EFBC}") = "Team_Job.DAL", "..\Team_Job.DAL\Team_Job.DAL.csproj", "{5C0B21C1-DFB0-40F1-979E-382D3E90BE58}"
EndProject
Global
	GlobalSection(SolutionConfigurationPlatforms) = preSolution
		Debug|Any CPU = Debug|Any CPU
		Release|Any CPU = Release|Any CPU
	EndGlobalSection
	GlobalSection(ProjectConfigurationPlatforms) = postSolution
		{2CF004DA-6427-40B9-B8A5-01CB12A72322}.Debug|Any CPU.ActiveCfg = Debug|Any CPU
		{2CF004DA-6427-40B9-B8A5-01CB12A72322}.Debug|Any CPU.Build.0 = Debug|Any CPU
		{2CF004DA-6427-40B9-B8A5-01CB12A72322}.Release|Any CPU.ActiveCfg = Release|Any CPU
		{2CF004DA-6427-40B9-B8A5-01CB12A72322}.Release|Any CPU.Build.0 = Release|Any CPU
		{8F237254-CE61-45B0-A682-D7D114C70B1E}.Debug|Any CPU.ActiveCfg = Debug|Any CPU
		{8F237254-CE61-45B0-A682-D7D114C70B1E}.Debug|Any CPU.Build.0 = Debug|Any CPU
		{8F237254-CE61-45B0-A682-D7D114C70B1E}.Release|Any CPU.ActiveCfg = Release|Any CPU
		{8F237254-CE61-45B0-A682-D7D114C70B1E}.Release|Any CPU.Build.0 = Release|Any CPU
		{5C0B21C1-DFB0-40F1-979E-382D3E90BE58}.Debug|Any CPU.ActiveCfg = Debug|Any CPU
		{5C0B21C1-DFB0-40F1-979E-382D3E90BE58}.Debug|Any CPU.Build.0 = Debug|Any CPU
		{5C0B21C1-DFB0-40F1-979E-382D3E90BE58}.Release|Any CPU.ActiveCfg = Release|Any CPU
		{5C0B21C1-DFB0-40F1-979E-382D3E90BE58}.Release|Any CPU.Build.0 = Release|Any CPU
	EndGlobalSection
	GlobalSection(SolutionProperties) = preSolution
		HideSolutionNode = FALSE
	EndGlobalSection
	GlobalSection(ExtensibilityGlobals) = postSolution
		SolutionGuid = {7963A745-944A-43A8-990D-CFAFF3C63A38}
	EndGlobalSection
EndGlobal
